{
    "_meta": {
        "hash": {
            "sha256": "0917e23e8e9bcd11013c676c6432dcc7d2a1d6d1dad28357fc9256a3e10425c5"
        },
        "pipfile-spec": 6,
        "requires": {
            "python_version": "3.8"
        },
        "sources": [
            {
                "name": "pypi",
                "url": "https://pypi.org/simple",
                "verify_ssl": true
            }
        ]
    },
    "default": {
        "swampy": {
            "hashes": [
                "sha256:bf3c11ff33fee34563254d411c7b79570d519b176924b832b1cbdd88eb94999f"
            ],
            "index": "pypi",
            "version": "==3.0.1"
        }
    },
    "develop": {}
}
